<Solution>
  <Configurations>
    <Platform Name="x64" />
  </Configurations>
  <Folder Name="/Solution Items/">
    <File Path="AGENTS.md" />
    <File Path="DEVELOPMENT_HISTORY.md" />
    <File Path="FEATURES.md" />
    <File Path="README.md" />
  </Folder>
  <Project Path="Easy Copier/Easy Copier.csproj">
    <Platform Solution="*|x64" Project="x64" />
    <Deploy />
  </Project>
</Solution>